// !$*UTF8*$!
{
	archiveVersion = 1;
	classes = {
	};
	objectVersion = 55;
	objects = {

/* Begin PBXBuildFile section */
		41323797277B8B3600168D54 /* CustomizeView.swift in Sources */ = {isa = PBXBuildFile; fileRef = 41323796277B8B3600168D54 /* CustomizeView.swift */; };
		41323799277B9A9D00168D54 /* ConfigurationOption.swift in Sources */ = {isa = PBXBuildFile; fileRef = 41323798277B9A9D00168D54 /* ConfigurationOption.swift */; };
		41EFBEAF277A7E3E00A98AC7 /* CoolBeansApp.swift in Sources */ = {isa = PBXBuildFile; fileRef = 41EFBEAE277A7E3E00A98AC7 /* CoolBeansApp.swift */; };
		41EFBEB1277A7E3E00A98AC7 /* ContentView.swift in Sources */ = {isa = PBXBuildFile; fileRef = 41EFBEB0277A7E3E00A98AC7 /* ContentView.swift */; };
		41EFBEB3277A7E4000A98AC7 /* Assets.xcassets in Resources */ = {isa = PBXBuildFile; fileRef = 41EFBEB2277A7E4000A98AC7 /* Assets.xcassets */; };
		41EFBEB6277A7E4000A98AC7 /* Preview Assets.xcassets in Resources */ = {isa = PBXBuildFile; fileRef = 41EFBEB5277A7E4000A98AC7 /* Preview Assets.xcassets */; };
		41EFBEBD277A7E6100A98AC7 /* menu.json in Resources */ = {isa = PBXBuildFile; fileRef = 41EFBEBC277A7E6100A98AC7 /* menu.json */; };
		41EFBEBF277A7EE000A98AC7 /* Drink.swift in Sources */ = {isa = PBXBuildFile; fileRef = 41EFBEBE277A7EE000A98AC7 /* Drink.swift */; };
		41EFBEC1277A800A00A98AC7 /* MenuSection.swift in Sources */ = {isa = PBXBuildFile; fileRef = 41EFBEC0277A800A00A98AC7 /* MenuSection.swift */; };
		41EFBEC3277A804800A98AC7 /* Menu.swift in Sources */ = {isa = PBXBuildFile; fileRef = 41EFBEC2277A804800A98AC7 /* Menu.swift */; };
		41EFBEC5277B711900A98AC7 /* MenuView.swift in Sources */ = {isa = PBXBuildFile; fileRef = 41EFBEC4277B711900A98AC7 /* MenuView.swift */; };
/* End PBXBuildFile section */

/* Begin PBXFileReference section */
		41323796277B8B3600168D54 /* CustomizeView.swift */ = {isa = PBXFileReference; lastKnownFileType = sourcecode.swift; path = CustomizeView.swift; sourceTree = "<group>"; };
		41323798277B9A9D00168D54 /* ConfigurationOption.swift */ = {isa = PBXFileReference; lastKnownFileType = sourcecode.swift; path = ConfigurationOption.swift; sourceTree = "<group>"; };
		41EFBEAB277A7E3E00A98AC7 /* CoolBeans.app */ = {isa = PBXFileReference; explicitFileType = wrapper.application; includeInIndex = 0; path = CoolBeans.app; sourceTree = BUILT_PRODUCTS_DIR; };
		41EFBEAE277A7E3E00A98AC7 /* CoolBeansApp.swift */ = {isa = PBXFileReference; lastKnownFileType = sourcecode.swift; path = CoolBeansApp.swift; sourceTree = "<group>"; };
		41EFBEB0277A7E3E00A98AC7 /* ContentView.swift */ = {isa = PBXFileReference; lastKnownFileType = sourcecode.swift; path = ContentView.swift; sourceTree = "<group>"; };
		41EFBEB2277A7E4000A98AC7 /* Assets.xcassets */ = {isa = PBXFileReference; lastKnownFileType = folder.assetcatalog; path = Assets.xcassets; sourceTree = "<group>"; };
		41EFBEB5277A7E4000A98AC7 /* Preview Assets.xcassets */ = {isa = PBXFileReference; lastKnownFileType = folder.assetcatalog; path = "Preview Assets.xcassets"; sourceTree = "<group>"; };
		41EFBEBC277A7E6100A98AC7 /* menu.json */ = {isa = PBXFileReference; fileEncoding = 4; lastKnownFileType = text.json; path = menu.json; sourceTree = "<group>"; };
		41EFBEBE277A7EE000A98AC7 /* Drink.swift */ = {isa = PBXFileReference; lastKnownFileType = sourcecode.swift; path = Drink.swift; sourceTree = "<group>"; };
		41EFBEC0277A800A00A98AC7 /* MenuSection.swift */ = {isa = PBXFileReference; lastKnownFileType = sourcecode.swift; path = MenuSection.swift; sourceTree = "<group>"; };
		41EFBEC2277A804800A98AC7 /* Menu.swift */ = {isa = PBXFileReference; lastKnownFileType = sourcecode.swift; path = Menu.swift; sourceTree = "<group>"; };
		41EFBEC4277B711900A98AC7 /* MenuView.swift */ = {isa = PBXFileReference; lastKnownFileType = sourcecode.swift; path = MenuView.swift; sourceTree = "<group>"; };
/* End PBXFileReference section */

/* Begin PBXFrameworksBuildPhase section */
		41EFBEA8277A7E3E00A98AC7 /* Frameworks */ = {
			isa = PBXFrameworksBuildPhase;
			buildActionMask = 2147483647;
			files = (
			);
			runOnlyForDeploymentPostprocessing = 0;
		};
/* End PBXFrameworksBuildPhase section */

/* Begin PBXGroup section */
		41EFBEA2277A7E3E00A98AC7 = {
			isa = PBXGroup;
			children = (
				41EFBEAD277A7E3E00A98AC7 /* CoolBeans */,
				41EFBEAC277A7E3E00A98AC7 /* Products */,
			);
			sourceTree = "<group>";
		};
		41EFBEAC277A7E3E00A98AC7 /* Products */ = {
			isa = PBXGroup;
			children = (
				41EFBEAB277A7E3E00A98AC7 /* CoolBeans.app */,
			);
			name = Products;
			sourceTree = "<group>";
		};
		41EFBEAD277A7E3E00A98AC7 /* CoolBeans */ = {
			isa = PBXGroup;
			children = (
				41EFBEAE277A7E3E00A98AC7 /* CoolBeansApp.swift */,
				41EFBEB0277A7E3E00A98AC7 /* ContentView.swift */,
				41EFBEC4277B711900A98AC7 /* MenuView.swift */,
				41323796277B8B3600168D54 /* CustomizeView.swift */,
				41EFBEBC277A7E6100A98AC7 /* menu.json */,
				41EFBEC0277A800A00A98AC7 /* MenuSection.swift */,
				41EFBEC2277A804800A98AC7 /* Menu.swift */,
				41EFBEB2277A7E4000A98AC7 /* Assets.xcassets */,
				41EFBEBE277A7EE000A98AC7 /* Drink.swift */,
				41323798277B9A9D00168D54 /* ConfigurationOption.swift */,
				41EFBEB4277A7E4000A98AC7 /* Preview Content */,
			);
			path = CoolBeans;
			sourceTree = "<group>";
		};
		41EFBEB4277A7E4000A98AC7 /* Preview Content */ = {
			isa = PBXGroup;
			children = (
				41EFBEB5277A7E4000A98AC7 /* Preview Assets.xcassets */,
			);
			path = "Preview Content";
			sourceTree = "<group>";
		};
/* End PBXGroup section */

/* Begin PBXNativeTarget section */
		41EFBEAA277A7E3E00A98AC7 /* CoolBeans */ = {
			isa = PBXNativeTarget;
			buildConfigurationList = 41EFBEB9277A7E4000A98AC7 /* Build configuration list for PBXNativeTarget "CoolBeans" */;
			buildPhases = (
				41EFBEA7277A7E3E00A98AC7 /* Sources */,
				41EFBEA8277A7E3E00A98AC7 /* Frameworks */,
				41EFBEA9277A7E3E00A98AC7 /* Resources */,
			);
			buildRules = (
			);
			dependencies = (
			);
			name = CoolBeans;
			productName = CoolBeans;
			productReference = 41EFBEAB277A7E3E00A98AC7 /* CoolBeans.app */;
			productType = "com.apple.product-type.application";
		};
/* End PBXNativeTarget section */

/* Begin PBXProject section */
		41EFBEA3277A7E3E00A98AC7 /* Project object */ = {
			isa = PBXProject;
			attributes = {
				BuildIndependentTargetsInParallel = 1;
				LastSwiftUpdateCheck = 1310;
				LastUpgradeCheck = 1310;
				TargetAttributes = {
					41EFBEAA277A7E3E00A98AC7 = {
						CreatedOnToolsVersion = 13.1;
					};
				};
			};
			buildConfigurationList = 41EFBEA6277A7E3E00A98AC7 /* Build configuration list for PBXProject "CoolBeans" */;
			compatibilityVersion = "Xcode 13.0";
			developmentRegion = en;
			hasScannedForEncodings = 0;
			knownRegions = (
				en,
				Base,
			);
			mainGroup = 41EFBEA2277A7E3E00A98AC7;
			productRefGroup = 41EFBEAC277A7E3E00A98AC7 /* Products */;
			projectDirPath = "";
			projectRoot = "";
			targets = (
				41EFBEAA277A7E3E00A98AC7 /* CoolBeans */,
			);
		};
/* End PBXProject section */

/* Begin PBXResourcesBuildPhase section */
		41EFBEA9277A7E3E00A98AC7 /* Resources */ = {
			isa = PBXResourcesBuildPhase;
			buildActionMask = 2147483647;
			files = (
				41EFBEBD277A7E6100A98AC7 /* menu.json in Resources */,
				41EFBEB6277A7E4000A98AC7 /* Preview Assets.xcassets in Resources */,
				41EFBEB3277A7E4000A98AC7 /* Assets.xcassets in Resources */,
			);
			runOnlyForDeploymentPostprocessing = 0;
		};
/* End PBXResourcesBuildPhase section */

/* Begin PBXSourcesBuildPhase section */
		41EFBEA7277A7E3E00A98AC7 /* Sources */ = {
			isa = PBXSourcesBuildPhase;
			buildActionMask = 2147483647;
			files = (
				41EFBEB1277A7E3E00A98AC7 /* ContentView.swift in Sources */,
				41EFBEC5277B711900A98AC7 /* MenuView.swift in Sources */,
				41EFBEBF277A7EE000A98AC7 /* Drink.swift in Sources */,
				41EFBEC1277A800A00A98AC7 /* MenuSection.swift in Sources */,
				41EFBEAF277A7E3E00A98AC7 /* CoolBeansApp.swift in Sources */,
				41323799277B9A9D00168D54 /* ConfigurationOption.swift in Sources */,
				41323797277B8B3600168D54 /* CustomizeView.swift in Sources */,
				41EFBEC3277A804800A98AC7 /* Menu.swift in Sources */,
			);
			runOnlyForDeploymentPostprocessing = 0;
		};
/* End PBXSourcesBuildPhase section */

/* Begin XCBuildConfiguration section */
		41EFBEB7277A7E4000A98AC7 /* Debug */ = {
			isa = XCBuildConfiguration;
			buildSettings = {
				ALWAYS_SEARCH_USER_PATHS = NO;
				CLANG_ANALYZER_NONNULL = YES;
				CLANG_ANALYZER_NUMBER_OBJECT_CONVERSION = YES_AGGRESSIVE;
				CLANG_CXX_LANGUAGE_STANDARD = "gnu++17";
				CLANG_CXX_LIBRARY = "libc++";
				CLANG_ENABLE_MODULES = YES;
				CLANG_ENABLE_OBJC_ARC = YES;
				CLANG_ENABLE_OBJC_WEAK = YES;
				CLANG_WARN_BLOCK_CAPTURE_AUTORELEASING = YES;
				CLANG_WARN_BOOL_CONVERSION = YES;
				CLANG_WARN_COMMA = YES;
				CLANG_WARN_CONSTANT_CONVERSION = YES;
				CLANG_WARN_DEPRECATED_OBJC_IMPLEMENTATIONS = YES;
				CLANG_WARN_DIRECT_OBJC_ISA_USAGE = YES_ERROR;
				CLANG_WARN_DOCUMENTATION_COMMENTS = YES;
				CLANG_WARN_EMPTY_BODY = YES;
				CLANG_WARN_ENUM_CONVERSION = YES;
				CLANG_WARN_INFINITE_RECURSION = YES;
				CLANG_WARN_INT_CONVERSION = YES;
				CLANG_WARN_NON_LITERAL_NULL_CONVERSION = YES;
				CLANG_WARN_OBJC_IMPLICIT_RETAIN_SELF = YES;
				CLANG_WARN_OBJC_LITERAL_CONVERSION = YES;
				CLANG_WARN_OBJC_ROOT_CLASS = YES_ERROR;
				CLANG_WARN_QUOTED_INCLUDE_IN_FRAMEWORK_HEADER = YES;
				CLANG_WARN_RANGE_LOOP_ANALYSIS = YES;
				CLANG_WARN_STRICT_PROTOTYPES = YES;
				CLANG_WARN_SUSPICIOUS_MOVE = YES;
				CLANG_WARN_UNGUARDED_AVAILABILITY = YES_AGGRESSIVE;
				CLANG_WARN_UNREACHABLE_CODE = YES;
				CLANG_WARN__DUPLICATE_METHOD_MATCH = YES;
				COPY_PHASE_STRIP = NO;
				DEBUG_INFORMATION_FORMAT = dwarf;
				ENABLE_STRICT_OBJC_MSGSEND = YES;
				ENABLE_TESTABILITY = YES;
				GCC_C_LANGUAGE_STANDARD = gnu11;
				GCC_DYNAMIC_NO_PIC = NO;
				GCC_NO_COMMON_BLOCKS = YES;
				GCC_OPTIMIZATION_LEVEL = 0;
				GCC_PREPROCESSOR_DEFINITIONS = (
					"DEBUG=1",
					"$(inherited)",
				);
				GCC_WARN_64_TO_32_BIT_CONVERSION = YES;
				GCC_WARN_ABOUT_RETURN_TYPE = YES_ERROR;
				GCC_WARN_UNDECLARED_SELECTOR = YES;
				GCC_WARN_UNINITIALIZED_AUTOS = YES_AGGRESSIVE;
				GCC_WARN_UNUSED_FUNCTION = YES;
				GCC_WARN_UNUSED_VARIABLE = YES;
				IPHONEOS_DEPLOYMENT_TARGET = 15.0;
				MTL_ENABLE_DEBUG_INFO = INCLUDE_SOURCE;
				MTL_FAST_MATH = YES;
				ONLY_ACTIVE_ARCH = YES;
				SDKROOT = iphoneos;
				SWIFT_ACTIVE_COMPILATION_CONDITIONS = DEBUG;
				SWIFT_OPTIMIZATION_LEVEL = "-Onone";
			};
			name = Debug;
		};
		41EFBEB8277A7E4000A98AC7 /* Release */ = {
			isa = XCBuildConfiguration;
			buildSettings = {
				ALWAYS_SEARCH_USER_PATHS = NO;
				CLANG_ANALYZER_NONNULL = YES;
				CLANG_ANALYZER_NUMBER_OBJECT_CONVERSION = YES_AGGRESSIVE;
				CLANG_CXX_LANGUAGE_STANDARD = "gnu++17";
				CLANG_CXX_LIBRARY = "libc++";
				CLANG_ENABLE_MODULES = YES;
				CLANG_ENABLE_OBJC_ARC = YES;
				CLANG_ENABLE_OBJC_WEAK = YES;
				CLANG_WARN_BLOCK_CAPTURE_AUTORELEASING = YES;
				CLANG_WARN_BOOL_CONVERSION = YES;
				CLANG_WARN_COMMA = YES;
				CLANG_WARN_CONSTANT_CONVERSION = YES;
				CLANG_WARN_DEPRECATED_OBJC_IMPLEMENTATIONS = YES;
				CLANG_WARN_DIRECT_OBJC_ISA_USAGE = YES_ERROR;
				CLANG_WARN_DOCUMENTATION_COMMENTS = YES;
				CLANG_WARN_EMPTY_BODY = YES;
				CLANG_WARN_ENUM_CONVERSION = YES;
				CLANG_WARN_INFINITE_RECURSION = YES;
				CLANG_WARN_INT_CONVERSION = YES;
				CLANG_WARN_NON_LITERAL_NULL_CONVERSION = YES;
				CLANG_WARN_OBJC_IMPLICIT_RETAIN_SELF = YES;
				CLANG_WARN_OBJC_LITERAL_CONVERSION = YES;
				CLANG_WARN_OBJC_ROOT_CLASS = YES_ERROR;
				CLANG_WARN_QUOTED_INCLUDE_IN_FRAMEWORK_HEADER = YES;
				CLANG_WARN_RANGE_LOOP_ANALYSIS = YES;
				CLANG_WARN_STRICT_PROTOTYPES = YES;
				CLANG_WARN_SUSPICIOUS_MOVE = YES;
				CLANG_WARN_UNGUARDED_AVAILABILITY = YES_AGGRESSIVE;
				CLANG_WARN_UNREACHABLE_CODE = YES;
				CLANG_WARN__DUPLICATE_METHOD_MATCH = YES;
				COPY_PHASE_STRIP = NO;
				DEBUG_INFORMATION_FORMAT = "dwarf-with-dsym";
				ENABLE_NS_ASSERTIONS = NO;
				ENABLE_STRICT_OBJC_MSGSEND = YES;
				GCC_C_LANGUAGE_STANDARD = gnu11;
				GCC_NO_COMMON_BLOCKS = YES;
				GCC_WARN_64_TO_32_BIT_CONVERSION = YES;
				GCC_WARN_ABOUT_RETURN_TYPE = YES_ERROR;
				GCC_WARN_UNDECLARED_SELECTOR = YES;
				GCC_WARN_UNINITIALIZED_AUTOS = YES_AGGRESSIVE;
				GCC_WARN_UNUSED_FUNCTION = YES;
				GCC_WARN_UNUSED_VARIABLE = YES;
				IPHONEOS_DEPLOYMENT_TARGET = 15.0;
				MTL_ENABLE_DEBUG_INFO = NO;
				MTL_FAST_MATH = YES;
				SDKROOT = iphoneos;
				SWIFT_COMPILATION_MODE = wholemodule;
				SWIFT_OPTIMIZATION_LEVEL = "-O";
				VALIDATE_PRODUCT = YES;
			};
			name = Release;
		};
		41EFBEBA277A7E4000A98AC7 /* Debug */ = {
			isa = XCBuildConfiguration;
			buildSettings = {
				ASSETCATALOG_COMPILER_APPICON_NAME = AppIcon;
				ASSETCATALOG_COMPILER_GLOBAL_ACCENT_COLOR_NAME = AccentColor;
				CODE_SIGN_STYLE = Automatic;
				CURRENT_PROJECT_VERSION = 1;
				DEVELOPMENT_ASSET_PATHS = "\"CoolBeans/Preview Content\"";
				ENABLE_PREVIEWS = YES;
				GENERATE_INFOPLIST_FILE = YES;
				INFOPLIST_KEY_UIApplicationSceneManifest_Generation = YES;
				INFOPLIST_KEY_UIApplicationSupportsIndirectInputEvents = YES;
				INFOPLIST_KEY_UILaunchScreen_Generation = YES;
				INFOPLIST_KEY_UISupportedInterfaceOrientations_iPad = "UIInterfaceOrientationPortrait UIInterfaceOrientationPortraitUpsideDown UIInterfaceOrientationLandscapeLeft UIInterfaceOrientationLandscapeRight";
				INFOPLIST_KEY_UISupportedInterfaceOrientations_iPhone = "UIInterfaceOrientationPortrait UIInterfaceOrientationLandscapeLeft UIInterfaceOrientationLandscapeRight";
				LD_RUNPATH_SEARCH_PATHS = (
					"$(inherited)",
					"@executable_path/Frameworks",
				);
				MARKETING_VERSION = 1.0;
				PRODUCT_BUNDLE_IDENTIFIER = "alirazamumtaz-com.github.www.CoolBeans";
				PRODUCT_NAME = "$(TARGET_NAME)";
				SWIFT_EMIT_LOC_STRINGS = YES;
				SWIFT_VERSION = 5.0;
				TARGETED_DEVICE_FAMILY = "1,2";
			};
			name = Debug;
		};
		41EFBEBB277A7E4000A98AC7 /* Release */ = {
			isa = XCBuildConfiguration;
			buildSettings = {
				ASSETCATALOG_COMPILER_APPICON_NAME = AppIcon;
				ASSETCATALOG_COMPILER_GLOBAL_ACCENT_COLOR_NAME = AccentColor;
				CODE_SIGN_STYLE = Automatic;
				CURRENT_PROJECT_VERSION = 1;
				DEVELOPMENT_ASSET_PATHS = "\"CoolBeans/Preview Content\"";
				ENABLE_PREVIEWS = YES;
				GENERATE_INFOPLIST_FILE = YES;
				INFOPLIST_KEY_UIApplicationSceneManifest_Generation = YES;
				INFOPLIST_KEY_UIApplicationSupportsIndirectInputEvents = YES;
				INFOPLIST_KEY_UILaunchScreen_Generation = YES;
				INFOPLIST_KEY_UISupportedInterfaceOrientations_iPad = "UIInterfaceOrientationPortrait UIInterfaceOrientationPortraitUpsideDown UIInterfaceOrientationLandscapeLeft UIInterfaceOrientationLandscapeRight";
				INFOPLIST_KEY_UISupportedInterfaceOrientations_iPhone = "UIInterfaceOrientationPortrait UIInterfaceOrientationLandscapeLeft UIInterfaceOrientationLandscapeRight";
				LD_RUNPATH_SEARCH_PATHS = (
					"$(inherited)",
					"@executable_path/Frameworks",
				);
				MARKETING_VERSION = 1.0;
				PRODUCT_BUNDLE_IDENTIFIER = "alirazamumtaz-com.github.www.CoolBeans";
				PRODUCT_NAME = "$(TARGET_NAME)";
				SWIFT_EMIT_LOC_STRINGS = YES;
				SWIFT_VERSION = 5.0;
				TARGETED_DEVICE_FAMILY = "1,2";
			};
			name = Release;
		};
/* End XCBuildConfiguration section */

/* Begin XCConfigurationList section */
		41EFBEA6277A7E3E00A98AC7 /* Build configuration list for PBXProject "CoolBeans" */ = {
			isa = XCConfigurationList;
			buildConfigurations = (
				41EFBEB7277A7E4000A98AC7 /* Debug */,
				41EFBEB8277A7E4000A98AC7 /* Release */,
			);
			defaultConfigurationIsVisible = 0;
			defaultConfigurationName = Release;
		};
		41EFBEB9277A7E4000A98AC7 /* Build configuration list for PBXNativeTarget "CoolBeans" */ = {
			isa = XCConfigurationList;
			buildConfigurations = (
				41EFBEBA277A7E4000A98AC7 /* Debug */,
				41EFBEBB277A7E4000A98AC7 /* Release */,
			);
			defaultConfigurationIsVisible = 0;
			defaultConfigurationName = Release;
		};
/* End XCConfigurationList section */
	};
	rootObject = 41EFBEA3277A7E3E00A98AC7 /* Project object */;
}
